
Microsoft Visual Studio Solution File, Format Version 12.00
# Visual Studio Version 17
VisualStudioVersion = 17.1.32319.34
MinimumVisualStudioVersion = 10.0.40219.1
Project("{9A19103F-16F7-4668-BE54-9A1E7A4F7556}") = "OpenSearchServerless", "src\OpenSearchServerless\OpenSearchServerless.csproj", "{CA83698B-A645-453E-B007-F1A13E40234F}"
EndProject
Project("{9A19103F-16F7-4668-BE54-9A1E7A4F7556}") = "OpenSearchServerless.Tests", "test\OpenSearchServerless.Tests\OpenSearchServerless.Tests.csproj", "{EF10DFC9-D4ED-43FE-9316-DB5900CAF25D}"
EndProject
Project("{9A19103F-16F7-4668-BE54-9A1E7A4F7556}") = "OpenSearchPerformanceTest", "test\OpenSearchPerformanceTest\OpenSearchPerformanceTest.csproj", "{FCF56510-80E8-4F79-A57A-32DF43561639}"
EndProject
Project("{9A19103F-16F7-4668-BE54-9A1E7A4F7556}") = "ElasticSearch", "src\ElasticSearch\ElasticSearch.csproj", "{7BBE6EB8-2ACA-4C5A-971F-C4809040B84C}"
EndProject
Project("{9A19103F-16F7-4668-BE54-9A1E7A4F7556}") = "OpenSearch", "src\OpenSearch\OpenSearch.csproj", "{B4F1543C-A880-4EDE-A174-6D63A6E21A0E}"
EndProject
Project("{FAE04EC0-301F-11D3-BF4B-00C04F79EFBC}") = "OpenSearch.Models", "src\OpenSearch.Models\OpenSearch.Models.csproj", "{233A0EBD-9064-4586-A67A-9E22EB036787}"
EndProject
Project("{2150E333-8FDC-42A3-9474-1A3956D46DE8}") = "src", "src", "{1F9F52E3-59B0-4232-8266-63AA3D57C8DF}"
EndProject
Project("{2150E333-8FDC-42A3-9474-1A3956D46DE8}") = "test", "test", "{F152A378-ED58-4235-BE41-48DA6E4995E0}"
EndProject
Global
	GlobalSection(SolutionConfigurationPlatforms) = preSolution
		Debug|Any CPU = Debug|Any CPU
		Release|Any CPU = Release|Any CPU
	EndGlobalSection
	GlobalSection(ProjectConfigurationPlatforms) = postSolution
		{CA83698B-A645-453E-B007-F1A13E40234F}.Debug|Any CPU.ActiveCfg = Debug|Any CPU
		{CA83698B-A645-453E-B007-F1A13E40234F}.Debug|Any CPU.Build.0 = Debug|Any CPU
		{CA83698B-A645-453E-B007-F1A13E40234F}.Release|Any CPU.ActiveCfg = Release|Any CPU
		{CA83698B-A645-453E-B007-F1A13E40234F}.Release|Any CPU.Build.0 = Release|Any CPU
		{EF10DFC9-D4ED-43FE-9316-DB5900CAF25D}.Debug|Any CPU.ActiveCfg = Debug|Any CPU
		{EF10DFC9-D4ED-43FE-9316-DB5900CAF25D}.Debug|Any CPU.Build.0 = Debug|Any CPU
		{EF10DFC9-D4ED-43FE-9316-DB5900CAF25D}.Release|Any CPU.ActiveCfg = Release|Any CPU
		{EF10DFC9-D4ED-43FE-9316-DB5900CAF25D}.Release|Any CPU.Build.0 = Release|Any CPU
		{FCF56510-80E8-4F79-A57A-32DF43561639}.Debug|Any CPU.ActiveCfg = Debug|Any CPU
		{FCF56510-80E8-4F79-A57A-32DF43561639}.Debug|Any CPU.Build.0 = Debug|Any CPU
		{FCF56510-80E8-4F79-A57A-32DF43561639}.Release|Any CPU.ActiveCfg = Release|Any CPU
		{FCF56510-80E8-4F79-A57A-32DF43561639}.Release|Any CPU.Build.0 = Release|Any CPU
		{7BBE6EB8-2ACA-4C5A-971F-C4809040B84C}.Debug|Any CPU.ActiveCfg = Debug|Any CPU
		{7BBE6EB8-2ACA-4C5A-971F-C4809040B84C}.Debug|Any CPU.Build.0 = Debug|Any CPU
		{7BBE6EB8-2ACA-4C5A-971F-C4809040B84C}.Release|Any CPU.ActiveCfg = Release|Any CPU
		{7BBE6EB8-2ACA-4C5A-971F-C4809040B84C}.Release|Any CPU.Build.0 = Release|Any CPU
		{B4F1543C-A880-4EDE-A174-6D63A6E21A0E}.Debug|Any CPU.ActiveCfg = Debug|Any CPU
		{B4F1543C-A880-4EDE-A174-6D63A6E21A0E}.Debug|Any CPU.Build.0 = Debug|Any CPU
		{B4F1543C-A880-4EDE-A174-6D63A6E21A0E}.Release|Any CPU.ActiveCfg = Release|Any CPU
		{B4F1543C-A880-4EDE-A174-6D63A6E21A0E}.Release|Any CPU.Build.0 = Release|Any CPU
		{233A0EBD-9064-4586-A67A-9E22EB036787}.Debug|Any CPU.ActiveCfg = Debug|Any CPU
		{233A0EBD-9064-4586-A67A-9E22EB036787}.Debug|Any CPU.Build.0 = Debug|Any CPU
		{233A0EBD-9064-4586-A67A-9E22EB036787}.Release|Any CPU.ActiveCfg = Release|Any CPU
		{233A0EBD-9064-4586-A67A-9E22EB036787}.Release|Any CPU.Build.0 = Release|Any CPU
	EndGlobalSection
	GlobalSection(SolutionProperties) = preSolution
		HideSolutionNode = FALSE
	EndGlobalSection
	GlobalSection(ExtensibilityGlobals) = postSolution
		SolutionGuid = {573C3FD8-DB4E-466A-BF38-F562BECDBC83}
	EndGlobalSection
	GlobalSection(NestedProjects) = preSolution
		{7BBE6EB8-2ACA-4C5A-971F-C4809040B84C} = {1F9F52E3-59B0-4232-8266-63AA3D57C8DF}
		{B4F1543C-A880-4EDE-A174-6D63A6E21A0E} = {1F9F52E3-59B0-4232-8266-63AA3D57C8DF}
		{233A0EBD-9064-4586-A67A-9E22EB036787} = {1F9F52E3-59B0-4232-8266-63AA3D57C8DF}
		{CA83698B-A645-453E-B007-F1A13E40234F} = {1F9F52E3-59B0-4232-8266-63AA3D57C8DF}
		{FCF56510-80E8-4F79-A57A-32DF43561639} = {F152A378-ED58-4235-BE41-48DA6E4995E0}
		{EF10DFC9-D4ED-43FE-9316-DB5900CAF25D} = {F152A378-ED58-4235-BE41-48DA6E4995E0}
	EndGlobalSection
EndGlobal
