
Microsoft Visual Studio Solution File, Format Version 12.00
Project("{FAE04EC0-301F-11D3-BF4B-00C04F79EFBC}") = "OpenSearchServerless", "OpenSearchServerless\src\OpenSearchServerless\OpenSearchServerless.csproj", "{CA83698B-A645-453E-B007-F1A13E40234F}"
EndProject
Project("{FAE04EC0-301F-11D3-BF4B-00C04F79EFBC}") = "OpenSearchServerless.Tests", "OpenSearchServerless\test\OpenSearchServerless.Tests\OpenSearchServerless.Tests.csproj", "{EF10DFC9-D4ED-43FE-9316-DB5900CAF25D}"
EndProject
Global
	GlobalSection(SolutionConfigurationPlatforms) = preSolution
		Debug|Any CPU = Debug|Any CPU
		Release|Any CPU = Release|Any CPU
	EndGlobalSection
	GlobalSection(ProjectConfigurationPlatforms) = postSolution
		{CA83698B-A645-453E-B007-F1A13E40234F}.Debug|Any CPU.ActiveCfg = Debug|Any CPU
		{CA83698B-A645-453E-B007-F1A13E40234F}.Debug|Any CPU.Build.0 = Debug|Any CPU
		{CA83698B-A645-453E-B007-F1A13E40234F}.Release|Any CPU.ActiveCfg = Release|Any CPU
		{CA83698B-A645-453E-B007-F1A13E40234F}.Release|Any CPU.Build.0 = Release|Any CPU
		{EF10DFC9-D4ED-43FE-9316-DB5900CAF25D}.Debug|Any CPU.ActiveCfg = Debug|Any CPU
		{EF10DFC9-D4ED-43FE-9316-DB5900CAF25D}.Debug|Any CPU.Build.0 = Debug|Any CPU
		{EF10DFC9-D4ED-43FE-9316-DB5900CAF25D}.Release|Any CPU.ActiveCfg = Release|Any CPU
		{EF10DFC9-D4ED-43FE-9316-DB5900CAF25D}.Release|Any CPU.Build.0 = Release|Any CPU
	EndGlobalSection
EndGlobal
