
Microsoft Visual Studio Solution File, Format Version 12.00
# Visual Studio Version 17
VisualStudioVersion = 17.1.32319.34
MinimumVisualStudioVersion = 10.0.40219.1
Project("{9A19103F-16F7-4668-BE54-9A1E7A4F7556}") = "OpenSearchServerless", "OpenSearchServerless\OpenSearchServerless.csproj", "{CA83698B-A645-453E-B007-F1A13E40234F}"
EndProject
Project("{9A19103F-16F7-4668-BE54-9A1E7A4F7556}") = "OpenSearchServerless.Tests", "OpenSearchServerless.Tests\OpenSearchServerless.Tests.csproj", "{EF10DFC9-D4ED-43FE-9316-DB5900CAF25D}"
EndProject
Project("{9A19103F-16F7-4668-BE54-9A1E7A4F7556}") = "OpenSearchPerformanceTest", "OpenSearchPerformanceTest\OpenSearchPerformanceTest.csproj", "{FCF56510-80E8-4F79-A57A-32DF43561639}"
EndProject
Project("{9A19103F-16F7-4668-BE54-9A1E7A4F7556}") = "ElasticSearch", "ElasticSearch\ElasticSearch.csproj", "{7BBE6EB8-2ACA-4C5A-971F-C4809040B84C}"
EndProject
Project("{9A19103F-16F7-4668-BE54-9A1E7A4F7556}") = "OpenSearch", "OpenSearch\OpenSearch.csproj", "{B4F1543C-A880-4EDE-A174-6D63A6E21A0E}"
EndProject
Global
	GlobalSection(SolutionConfigurationPlatforms) = preSolution
		Debug|Any CPU = Debug|Any CPU
		Release|Any CPU = Release|Any CPU
	EndGlobalSection
	GlobalSection(ProjectConfigurationPlatforms) = postSolution
		{CA83698B-A645-453E-B007-F1A13E40234F}.Debug|Any CPU.ActiveCfg = Debug|Any CPU
		{CA83698B-A645-453E-B007-F1A13E40234F}.Debug|Any CPU.Build.0 = Debug|Any CPU
		{CA83698B-A645-453E-B007-F1A13E40234F}.Release|Any CPU.ActiveCfg = Release|Any CPU
		{CA83698B-A645-453E-B007-F1A13E40234F}.Release|Any CPU.Build.0 = Release|Any CPU
		{EF10DFC9-D4ED-43FE-9316-DB5900CAF25D}.Debug|Any CPU.ActiveCfg = Debug|Any CPU
		{EF10DFC9-D4ED-43FE-9316-DB5900CAF25D}.Debug|Any CPU.Build.0 = Debug|Any CPU
		{EF10DFC9-D4ED-43FE-9316-DB5900CAF25D}.Release|Any CPU.ActiveCfg = Release|Any CPU
		{EF10DFC9-D4ED-43FE-9316-DB5900CAF25D}.Release|Any CPU.Build.0 = Release|Any CPU
		{FCF56510-80E8-4F79-A57A-32DF43561639}.Debug|Any CPU.ActiveCfg = Debug|Any CPU
		{FCF56510-80E8-4F79-A57A-32DF43561639}.Debug|Any CPU.Build.0 = Debug|Any CPU
		{FCF56510-80E8-4F79-A57A-32DF43561639}.Release|Any CPU.ActiveCfg = Release|Any CPU
		{FCF56510-80E8-4F79-A57A-32DF43561639}.Release|Any CPU.Build.0 = Release|Any CPU
		{7BBE6EB8-2ACA-4C5A-971F-C4809040B84C}.Debug|Any CPU.ActiveCfg = Debug|Any CPU
		{7BBE6EB8-2ACA-4C5A-971F-C4809040B84C}.Debug|Any CPU.Build.0 = Debug|Any CPU
		{7BBE6EB8-2ACA-4C5A-971F-C4809040B84C}.Release|Any CPU.ActiveCfg = Release|Any CPU
		{7BBE6EB8-2ACA-4C5A-971F-C4809040B84C}.Release|Any CPU.Build.0 = Release|Any CPU
		{B4F1543C-A880-4EDE-A174-6D63A6E21A0E}.Debug|Any CPU.ActiveCfg = Debug|Any CPU
		{B4F1543C-A880-4EDE-A174-6D63A6E21A0E}.Debug|Any CPU.Build.0 = Debug|Any CPU
		{B4F1543C-A880-4EDE-A174-6D63A6E21A0E}.Release|Any CPU.ActiveCfg = Release|Any CPU
		{B4F1543C-A880-4EDE-A174-6D63A6E21A0E}.Release|Any CPU.Build.0 = Release|Any CPU
	EndGlobalSection
	GlobalSection(SolutionProperties) = preSolution
		HideSolutionNode = FALSE
	EndGlobalSection
	GlobalSection(ExtensibilityGlobals) = postSolution
		SolutionGuid = {573C3FD8-DB4E-466A-BF38-F562BECDBC83}
	EndGlobalSection
EndGlobal
